// !$*UTF8*$!
{
	archiveVersion = 1;
	classes = {
	};
	objectVersion = 50;
	objects = {

/* Begin PBXBuildFile section */
		37861C402549976700C60B7C /* AppDelegate.swift in Sources */ = {isa = PBXBuildFile; fileRef = 37861C3F2549976700C60B7C /* AppDelegate.swift */; };
		37861C422549976700C60B7C /* SceneDelegate.swift in Sources */ = {isa = PBXBuildFile; fileRef = 37861C412549976700C60B7C /* SceneDelegate.swift */; };
		37861C442549976700C60B7C /* ViewController.swift in Sources */ = {isa = PBXBuildFile; fileRef = 37861C432549976700C60B7C /* ViewController.swift */; };
		37861C472549976700C60B7C /* Main.storyboard in Resources */ = {isa = PBXBuildFile; fileRef = 37861C452549976700C60B7C /* Main.storyboard */; };
		37861C4A2549976700C60B7C /* Testing_App.xcdatamodeld in Sources */ = {isa = PBXBuildFile; fileRef = 37861C482549976700C60B7C /* Testing_App.xcdatamodeld */; };
		37861C4C2549976900C60B7C /* Assets.xcassets in Resources */ = {isa = PBXBuildFile; fileRef = 37861C4B2549976900C60B7C /* Assets.xcassets */; };
		37861C4F2549976900C60B7C /* LaunchScreen.storyboard in Resources */ = {isa = PBXBuildFile; fileRef = 37861C4D2549976900C60B7C /* LaunchScreen.storyboard */; };
		37861C5A2549AC2B00C60B7C /* Comment.swift in Sources */ = {isa = PBXBuildFile; fileRef = 37861C592549AC2B00C60B7C /* Comment.swift */; };
		37861C5F2549ADEE00C60B7C /* MyUtility.swift in Sources */ = {isa = PBXBuildFile; fileRef = 37861C5E2549ADEE00C60B7C /* MyUtility.swift */; };
		37861C642549C12F00C60B7C /* ItemTableViewCell.swift in Sources */ = {isa = PBXBuildFile; fileRef = 37861C632549C12F00C60B7C /* ItemTableViewCell.swift */; };
		37861C6D2549E32400C60B7C /* InfoViewController.swift in Sources */ = {isa = PBXBuildFile; fileRef = 37861C6C2549E32400C60B7C /* InfoViewController.swift */; };
/* End PBXBuildFile section */

/* Begin PBXFileReference section */
		37861C3C2549976700C60B7C /* Testing App.app */ = {isa = PBXFileReference; explicitFileType = wrapper.application; includeInIndex = 0; path = "Testing App.app"; sourceTree = BUILT_PRODUCTS_DIR; };
		37861C3F2549976700C60B7C /* AppDelegate.swift */ = {isa = PBXFileReference; lastKnownFileType = sourcecode.swift; path = AppDelegate.swift; sourceTree = "<group>"; };
		37861C412549976700C60B7C /* SceneDelegate.swift */ = {isa = PBXFileReference; lastKnownFileType = sourcecode.swift; path = SceneDelegate.swift; sourceTree = "<group>"; };
		37861C432549976700C60B7C /* ViewController.swift */ = {isa = PBXFileReference; lastKnownFileType = sourcecode.swift; path = ViewController.swift; sourceTree = "<group>"; };
		37861C462549976700C60B7C /* Base */ = {isa = PBXFileReference; lastKnownFileType = file.storyboard; name = Base; path = Base.lproj/Main.storyboard; sourceTree = "<group>"; };
		37861C492549976700C60B7C /* Testing_App.xcdatamodel */ = {isa = PBXFileReference; lastKnownFileType = wrapper.xcdatamodel; path = Testing_App.xcdatamodel; sourceTree = "<group>"; };
		37861C4B2549976900C60B7C /* Assets.xcassets */ = {isa = PBXFileReference; lastKnownFileType = folder.assetcatalog; path = Assets.xcassets; sourceTree = "<group>"; };
		37861C4E2549976900C60B7C /* Base */ = {isa = PBXFileReference; lastKnownFileType = file.storyboard; name = Base; path = Base.lproj/LaunchScreen.storyboard; sourceTree = "<group>"; };
		37861C502549976900C60B7C /* Info.plist */ = {isa = PBXFileReference; lastKnownFileType = text.plist.xml; path = Info.plist; sourceTree = "<group>"; };
		37861C592549AC2B00C60B7C /* Comment.swift */ = {isa = PBXFileReference; lastKnownFileType = sourcecode.swift; path = Comment.swift; sourceTree = "<group>"; };
		37861C5E2549ADEE00C60B7C /* MyUtility.swift */ = {isa = PBXFileReference; lastKnownFileType = sourcecode.swift; path = MyUtility.swift; sourceTree = "<group>"; };
		37861C632549C12F00C60B7C /* ItemTableViewCell.swift */ = {isa = PBXFileReference; lastKnownFileType = sourcecode.swift; path = ItemTableViewCell.swift; sourceTree = "<group>"; };
		37861C6C2549E32400C60B7C /* InfoViewController.swift */ = {isa = PBXFileReference; lastKnownFileType = sourcecode.swift; path = InfoViewController.swift; sourceTree = "<group>"; };
/* End PBXFileReference section */

/* Begin PBXFrameworksBuildPhase section */
		37861C392549976700C60B7C /* Frameworks */ = {
			isa = PBXFrameworksBuildPhase;
			buildActionMask = 2147483647;
			files = (
			);
			runOnlyForDeploymentPostprocessing = 0;
		};
/* End PBXFrameworksBuildPhase section */

/* Begin PBXGroup section */
		37861C332549976700C60B7C = {
			isa = PBXGroup;
			children = (
				37861C3E2549976700C60B7C /* Testing App */,
				37861C3D2549976700C60B7C /* Products */,
			);
			sourceTree = "<group>";
		};
		37861C3D2549976700C60B7C /* Products */ = {
			isa = PBXGroup;
			children = (
				37861C3C2549976700C60B7C /* Testing App.app */,
			);
			name = Products;
			sourceTree = "<group>";
		};
		37861C3E2549976700C60B7C /* Testing App */ = {
			isa = PBXGroup;
			children = (
				37861C622549C10D00C60B7C /* UITableViewCell */,
				37861C5D2549ADD700C60B7C /* Utility */,
				37861C582549ABF500C60B7C /* Object */,
				37861C3F2549976700C60B7C /* AppDelegate.swift */,
				37861C412549976700C60B7C /* SceneDelegate.swift */,
				37861C6C2549E32400C60B7C /* InfoViewController.swift */,
				37861C432549976700C60B7C /* ViewController.swift */,
				37861C452549976700C60B7C /* Main.storyboard */,
				37861C4B2549976900C60B7C /* Assets.xcassets */,
				37861C4D2549976900C60B7C /* LaunchScreen.storyboard */,
				37861C502549976900C60B7C /* Info.plist */,
				37861C482549976700C60B7C /* Testing_App.xcdatamodeld */,
			);
			path = "Testing App";
			sourceTree = "<group>";
		};
		37861C582549ABF500C60B7C /* Object */ = {
			isa = PBXGroup;
			children = (
				37861C592549AC2B00C60B7C /* Comment.swift */,
			);
			path = Object;
			sourceTree = "<group>";
		};
		37861C5D2549ADD700C60B7C /* Utility */ = {
			isa = PBXGroup;
			children = (
				37861C5E2549ADEE00C60B7C /* MyUtility.swift */,
			);
			path = Utility;
			sourceTree = "<group>";
		};
		37861C622549C10D00C60B7C /* UITableViewCell */ = {
			isa = PBXGroup;
			children = (
				37861C632549C12F00C60B7C /* ItemTableViewCell.swift */,
			);
			path = UITableViewCell;
			sourceTree = "<group>";
		};
/* End PBXGroup section */

/* Begin PBXNativeTarget section */
		37861C3B2549976700C60B7C /* Testing App */ = {
			isa = PBXNativeTarget;
			buildConfigurationList = 37861C532549976900C60B7C /* Build configuration list for PBXNativeTarget "Testing App" */;
			buildPhases = (
				37861C382549976700C60B7C /* Sources */,
				37861C392549976700C60B7C /* Frameworks */,
				37861C3A2549976700C60B7C /* Resources */,
			);
			buildRules = (
			);
			dependencies = (
			);
			name = "Testing App";
			productName = "Testing App";
			productReference = 37861C3C2549976700C60B7C /* Testing App.app */;
			productType = "com.apple.product-type.application";
		};
/* End PBXNativeTarget section */

/* Begin PBXProject section */
		37861C342549976700C60B7C /* Project object */ = {
			isa = PBXProject;
			attributes = {
				LastSwiftUpdateCheck = 1200;
				LastUpgradeCheck = 1200;
				TargetAttributes = {
					37861C3B2549976700C60B7C = {
						CreatedOnToolsVersion = 12.0.1;
					};
				};
			};
			buildConfigurationList = 37861C372549976700C60B7C /* Build configuration list for PBXProject "Testing App" */;
			compatibilityVersion = "Xcode 9.3";
			developmentRegion = en;
			hasScannedForEncodings = 0;
			knownRegions = (
				en,
				Base,
			);
			mainGroup = 37861C332549976700C60B7C;
			productRefGroup = 37861C3D2549976700C60B7C /* Products */;
			projectDirPath = "";
			projectRoot = "";
			targets = (
				37861C3B2549976700C60B7C /* Testing App */,
			);
		};
/* End PBXProject section */

/* Begin PBXResourcesBuildPhase section */
		37861C3A2549976700C60B7C /* Resources */ = {
			isa = PBXResourcesBuildPhase;
			buildActionMask = 2147483647;
			files = (
				37861C4F2549976900C60B7C /* LaunchScreen.storyboard in Resources */,
				37861C4C2549976900C60B7C /* Assets.xcassets in Resources */,
				37861C472549976700C60B7C /* Main.storyboard in Resources */,
			);
			runOnlyForDeploymentPostprocessing = 0;
		};
/* End PBXResourcesBuildPhase section */

/* Begin PBXSourcesBuildPhase section */
		37861C382549976700C60B7C /* Sources */ = {
			isa = PBXSourcesBuildPhase;
			buildActionMask = 2147483647;
			files = (
				37861C5A2549AC2B00C60B7C /* Comment.swift in Sources */,
				37861C442549976700C60B7C /* ViewController.swift in Sources */,
				37861C5F2549ADEE00C60B7C /* MyUtility.swift in Sources */,
				37861C642549C12F00C60B7C /* ItemTableViewCell.swift in Sources */,
				37861C402549976700C60B7C /* AppDelegate.swift in Sources */,
				37861C4A2549976700C60B7C /* Testing_App.xcdatamodeld in Sources */,
				37861C6D2549E32400C60B7C /* InfoViewController.swift in Sources */,
				37861C422549976700C60B7C /* SceneDelegate.swift in Sources */,
			);
			runOnlyForDeploymentPostprocessing = 0;
		};
/* End PBXSourcesBuildPhase section */

/* Begin PBXVariantGroup section */
		37861C452549976700C60B7C /* Main.storyboard */ = {
			isa = PBXVariantGroup;
			children = (
				37861C462549976700C60B7C /* Base */,
			);
			name = Main.storyboard;
			sourceTree = "<group>";
		};
		37861C4D2549976900C60B7C /* LaunchScreen.storyboard */ = {
			isa = PBXVariantGroup;
			children = (
				37861C4E2549976900C60B7C /* Base */,
			);
			name = LaunchScreen.storyboard;
			sourceTree = "<group>";
		};
/* End PBXVariantGroup section */

/* Begin XCBuildConfiguration section */
		37861C512549976900C60B7C /* Debug */ = {
			isa = XCBuildConfiguration;
			buildSettings = {
				ALWAYS_SEARCH_USER_PATHS = NO;
				CLANG_ANALYZER_NONNULL = YES;
				CLANG_ANALYZER_NUMBER_OBJECT_CONVERSION = YES_AGGRESSIVE;
				CLANG_CXX_LANGUAGE_STANDARD = "gnu++14";
				CLANG_CXX_LIBRARY = "libc++";
				CLANG_ENABLE_MODULES = YES;
				CLANG_ENABLE_OBJC_ARC = YES;
				CLANG_ENABLE_OBJC_WEAK = YES;
				CLANG_WARN_BLOCK_CAPTURE_AUTORELEASING = YES;
				CLANG_WARN_BOOL_CONVERSION = YES;
				CLANG_WARN_COMMA = YES;
				CLANG_WARN_CONSTANT_CONVERSION = YES;
				CLANG_WARN_DEPRECATED_OBJC_IMPLEMENTATIONS = YES;
				CLANG_WARN_DIRECT_OBJC_ISA_USAGE = YES_ERROR;
				CLANG_WARN_DOCUMENTATION_COMMENTS = YES;
				CLANG_WARN_EMPTY_BODY = YES;
				CLANG_WARN_ENUM_CONVERSION = YES;
				CLANG_WARN_INFINITE_RECURSION = YES;
				CLANG_WARN_INT_CONVERSION = YES;
				CLANG_WARN_NON_LITERAL_NULL_CONVERSION = YES;
				CLANG_WARN_OBJC_IMPLICIT_RETAIN_SELF = YES;
				CLANG_WARN_OBJC_LITERAL_CONVERSION = YES;
				CLANG_WARN_OBJC_ROOT_CLASS = YES_ERROR;
				CLANG_WARN_QUOTED_INCLUDE_IN_FRAMEWORK_HEADER = YES;
				CLANG_WARN_RANGE_LOOP_ANALYSIS = YES;
				CLANG_WARN_STRICT_PROTOTYPES = YES;
				CLANG_WARN_SUSPICIOUS_MOVE = YES;
				CLANG_WARN_UNGUARDED_AVAILABILITY = YES_AGGRESSIVE;
				CLANG_WARN_UNREACHABLE_CODE = YES;
				CLANG_WARN__DUPLICATE_METHOD_MATCH = YES;
				COPY_PHASE_STRIP = NO;
				DEBUG_INFORMATION_FORMAT = dwarf;
				ENABLE_STRICT_OBJC_MSGSEND = YES;
				ENABLE_TESTABILITY = YES;
				GCC_C_LANGUAGE_STANDARD = gnu11;
				GCC_DYNAMIC_NO_PIC = NO;
				GCC_NO_COMMON_BLOCKS = YES;
				GCC_OPTIMIZATION_LEVEL = 0;
				GCC_PREPROCESSOR_DEFINITIONS = (
					"DEBUG=1",
					"$(inherited)",
				);
				GCC_WARN_64_TO_32_BIT_CONVERSION = YES;
				GCC_WARN_ABOUT_RETURN_TYPE = YES_ERROR;
				GCC_WARN_UNDECLARED_SELECTOR = YES;
				GCC_WARN_UNINITIALIZED_AUTOS = YES_AGGRESSIVE;
				GCC_WARN_UNUSED_FUNCTION = YES;
				GCC_WARN_UNUSED_VARIABLE = YES;
				IPHONEOS_DEPLOYMENT_TARGET = 14.0;
				MTL_ENABLE_DEBUG_INFO = INCLUDE_SOURCE;
				MTL_FAST_MATH = YES;
				ONLY_ACTIVE_ARCH = YES;
				SDKROOT = iphoneos;
				SWIFT_ACTIVE_COMPILATION_CONDITIONS = DEBUG;
				SWIFT_OPTIMIZATION_LEVEL = "-Onone";
			};
			name = Debug;
		};
		37861C522549976900C60B7C /* Release */ = {
			isa = XCBuildConfiguration;
			buildSettings = {
				ALWAYS_SEARCH_USER_PATHS = NO;
				CLANG_ANALYZER_NONNULL = YES;
				CLANG_ANALYZER_NUMBER_OBJECT_CONVERSION = YES_AGGRESSIVE;
				CLANG_CXX_LANGUAGE_STANDARD = "gnu++14";
				CLANG_CXX_LIBRARY = "libc++";
				CLANG_ENABLE_MODULES = YES;
				CLANG_ENABLE_OBJC_ARC = YES;
				CLANG_ENABLE_OBJC_WEAK = YES;
				CLANG_WARN_BLOCK_CAPTURE_AUTORELEASING = YES;
				CLANG_WARN_BOOL_CONVERSION = YES;
				CLANG_WARN_COMMA = YES;
				CLANG_WARN_CONSTANT_CONVERSION = YES;
				CLANG_WARN_DEPRECATED_OBJC_IMPLEMENTATIONS = YES;
				CLANG_WARN_DIRECT_OBJC_ISA_USAGE = YES_ERROR;
				CLANG_WARN_DOCUMENTATION_COMMENTS = YES;
				CLANG_WARN_EMPTY_BODY = YES;
				CLANG_WARN_ENUM_CONVERSION = YES;
				CLANG_WARN_INFINITE_RECURSION = YES;
				CLANG_WARN_INT_CONVERSION = YES;
				CLANG_WARN_NON_LITERAL_NULL_CONVERSION = YES;
				CLANG_WARN_OBJC_IMPLICIT_RETAIN_SELF = YES;
				CLANG_WARN_OBJC_LITERAL_CONVERSION = YES;
				CLANG_WARN_OBJC_ROOT_CLASS = YES_ERROR;
				CLANG_WARN_QUOTED_INCLUDE_IN_FRAMEWORK_HEADER = YES;
				CLANG_WARN_RANGE_LOOP_ANALYSIS = YES;
				CLANG_WARN_STRICT_PROTOTYPES = YES;
				CLANG_WARN_SUSPICIOUS_MOVE = YES;
				CLANG_WARN_UNGUARDED_AVAILABILITY = YES_AGGRESSIVE;
				CLANG_WARN_UNREACHABLE_CODE = YES;
				CLANG_WARN__DUPLICATE_METHOD_MATCH = YES;
				COPY_PHASE_STRIP = NO;
				DEBUG_INFORMATION_FORMAT = "dwarf-with-dsym";
				ENABLE_NS_ASSERTIONS = NO;
				ENABLE_STRICT_OBJC_MSGSEND = YES;
				GCC_C_LANGUAGE_STANDARD = gnu11;
				GCC_NO_COMMON_BLOCKS = YES;
				GCC_WARN_64_TO_32_BIT_CONVERSION = YES;
				GCC_WARN_ABOUT_RETURN_TYPE = YES_ERROR;
				GCC_WARN_UNDECLARED_SELECTOR = YES;
				GCC_WARN_UNINITIALIZED_AUTOS = YES_AGGRESSIVE;
				GCC_WARN_UNUSED_FUNCTION = YES;
				GCC_WARN_UNUSED_VARIABLE = YES;
				IPHONEOS_DEPLOYMENT_TARGET = 14.0;
				MTL_ENABLE_DEBUG_INFO = NO;
				MTL_FAST_MATH = YES;
				SDKROOT = iphoneos;
				SWIFT_COMPILATION_MODE = wholemodule;
				SWIFT_OPTIMIZATION_LEVEL = "-O";
				VALIDATE_PRODUCT = YES;
			};
			name = Release;
		};
		37861C542549976900C60B7C /* Debug */ = {
			isa = XCBuildConfiguration;
			buildSettings = {
				ASSETCATALOG_COMPILER_APPICON_NAME = AppIcon;
				ASSETCATALOG_COMPILER_GLOBAL_ACCENT_COLOR_NAME = AccentColor;
				CODE_SIGN_STYLE = Automatic;
				DEVELOPMENT_TEAM = 4BT9VPZ8Q5;
				INFOPLIST_FILE = "Testing App/Info.plist";
				LD_RUNPATH_SEARCH_PATHS = (
					"$(inherited)",
					"@executable_path/Frameworks",
				);
				PRODUCT_BUNDLE_IDENTIFIER = com.fl.testingapp;
				PRODUCT_NAME = "$(TARGET_NAME)";
				SWIFT_VERSION = 5.0;
				TARGETED_DEVICE_FAMILY = "1,2";
			};
			name = Debug;
		};
		37861C552549976900C60B7C /* Release */ = {
			isa = XCBuildConfiguration;
			buildSettings = {
				ASSETCATALOG_COMPILER_APPICON_NAME = AppIcon;
				ASSETCATALOG_COMPILER_GLOBAL_ACCENT_COLOR_NAME = AccentColor;
				CODE_SIGN_STYLE = Automatic;
				DEVELOPMENT_TEAM = 4BT9VPZ8Q5;
				INFOPLIST_FILE = "Testing App/Info.plist";
				LD_RUNPATH_SEARCH_PATHS = (
					"$(inherited)",
					"@executable_path/Frameworks",
				);
				PRODUCT_BUNDLE_IDENTIFIER = com.fl.testingapp;
				PRODUCT_NAME = "$(TARGET_NAME)";
				SWIFT_VERSION = 5.0;
				TARGETED_DEVICE_FAMILY = "1,2";
			};
			name = Release;
		};
/* End XCBuildConfiguration section */

/* Begin XCConfigurationList section */
		37861C372549976700C60B7C /* Build configuration list for PBXProject "Testing App" */ = {
			isa = XCConfigurationList;
			buildConfigurations = (
				37861C512549976900C60B7C /* Debug */,
				37861C522549976900C60B7C /* Release */,
			);
			defaultConfigurationIsVisible = 0;
			defaultConfigurationName = Release;
		};
		37861C532549976900C60B7C /* Build configuration list for PBXNativeTarget "Testing App" */ = {
			isa = XCConfigurationList;
			buildConfigurations = (
				37861C542549976900C60B7C /* Debug */,
				37861C552549976900C60B7C /* Release */,
			);
			defaultConfigurationIsVisible = 0;
			defaultConfigurationName = Release;
		};
/* End XCConfigurationList section */

/* Begin XCVersionGroup section */
		37861C482549976700C60B7C /* Testing_App.xcdatamodeld */ = {
			isa = XCVersionGroup;
			children = (
				37861C492549976700C60B7C /* Testing_App.xcdatamodel */,
			);
			currentVersion = 37861C492549976700C60B7C /* Testing_App.xcdatamodel */;
			path = Testing_App.xcdatamodeld;
			sourceTree = "<group>";
			versionGroupType = wrapper.xcdatamodel;
		};
/* End XCVersionGroup section */
	};
	rootObject = 37861C342549976700C60B7C /* Project object */;
}
